
Microsoft Visual Studio Solution File, Format Version 12.00
# Visual Studio 15
VisualStudioVersion = 15.0.27703.2042
MinimumVisualStudioVersion = 10.0.40219.1
Project("{888888A0-9F3D-457C-B088-3A5042F75D52}") = "ifjudgement", "ifjudgement\ifjudgement.pyproj", "{E619B05D-EEF2-4A7B-9197-0A8A320571DF}"
EndProject
Global
	GlobalSection(SolutionConfigurationPlatforms) = preSolution
		Debug|Any CPU = Debug|Any CPU
		Release|Any CPU = Release|Any CPU
	EndGlobalSection
	GlobalSection(ProjectConfigurationPlatforms) = postSolution
		{E619B05D-EEF2-4A7B-9197-0A8A320571DF}.Debug|Any CPU.ActiveCfg = Debug|Any CPU
		{E619B05D-EEF2-4A7B-9197-0A8A320571DF}.Release|Any CPU.ActiveCfg = Release|Any CPU
	EndGlobalSection
	GlobalSection(SolutionProperties) = preSolution
		HideSolutionNode = FALSE
	EndGlobalSection
	GlobalSection(ExtensibilityGlobals) = postSolution
		SolutionGuid = {5F12295D-116B-46C6-860B-DB8CAC27A0AF}
	EndGlobalSection
EndGlobal
